
Microsoft Visual Studio Solution File, Format Version 12.00
# Visual Studio Version 17
VisualStudioVersion = 17.12.35323.107
MinimumVisualStudioVersion = 10.0.40219.1
Project("{FAE04EC0-301F-11D3-BF4B-00C04F79EFBC}") = "Binacle.Net.DataConverter", "src\Binacle.Net.DataConverter\Binacle.Net.DataConverter.csproj", "{E8493079-B484-40EF-9BD9-3D22DE5CF4D0}"
EndProject
Project("{2150E333-8FDC-42A3-9474-1A3956D46DE8}") = "src", "src", "{161736B2-5F9B-4D4D-A06A-6388C53B6A0E}"
EndProject
Global
	GlobalSection(SolutionConfigurationPlatforms) = preSolution
		Debug|Any CPU = Debug|Any CPU
		Release|Any CPU = Release|Any CPU
	EndGlobalSection
	GlobalSection(ProjectConfigurationPlatforms) = postSolution
		{E8493079-B484-40EF-9BD9-3D22DE5CF4D0}.Debug|Any CPU.ActiveCfg = Debug|Any CPU
		{E8493079-B484-40EF-9BD9-3D22DE5CF4D0}.Debug|Any CPU.Build.0 = Debug|Any CPU
		{E8493079-B484-40EF-9BD9-3D22DE5CF4D0}.Release|Any CPU.ActiveCfg = Release|Any CPU
		{E8493079-B484-40EF-9BD9-3D22DE5CF4D0}.Release|Any CPU.Build.0 = Release|Any CPU
	EndGlobalSection
	GlobalSection(SolutionProperties) = preSolution
		HideSolutionNode = FALSE
	EndGlobalSection
	GlobalSection(NestedProjects) = preSolution
		{E8493079-B484-40EF-9BD9-3D22DE5CF4D0} = {161736B2-5F9B-4D4D-A06A-6388C53B6A0E}
	EndGlobalSection
	GlobalSection(ExtensibilityGlobals) = postSolution
		SolutionGuid = {91ABC2E5-EAB8-4E5E-866C-C58CDC716094}
	EndGlobalSection
EndGlobal
